// !$*UTF8*$!
{
	archiveVersion = 1;
	classes = {
	};
	objectVersion = 55;
	objects = {

/* Begin PBXBuildFile section */
		4EE00BB32CD95ACB65850BDD /* Pods_CodeManagement.framework in Frameworks */ = {isa = PBXBuildFile; fileRef = D97AE2580B8311C719E85BEF /* Pods_CodeManagement.framework */; };
		D9206B67283DEC6B00340051 /* ApiService.swift in Sources */ = {isa = PBXBuildFile; fileRef = D9206B66283DEC6B00340051 /* ApiService.swift */; };
		D9206B6A283DED3C00340051 /* EndPoint.swift in Sources */ = {isa = PBXBuildFile; fileRef = D9206B69283DED3C00340051 /* EndPoint.swift */; };
		D9206B6C283DEDAA00340051 /* Constants.swift in Sources */ = {isa = PBXBuildFile; fileRef = D9206B6B283DEDAA00340051 /* Constants.swift */; };
		D9206B71283DF48F00340051 /* Movie.swift in Sources */ = {isa = PBXBuildFile; fileRef = D9206B70283DF48F00340051 /* Movie.swift */; };
		D9206B73283DF5E800340051 /* Responses.swift in Sources */ = {isa = PBXBuildFile; fileRef = D9206B72283DF5E800340051 /* Responses.swift */; };
		D9206B7B283E021D00340051 /* UpcomingMovieCell.swift in Sources */ = {isa = PBXBuildFile; fileRef = D9206B79283E021D00340051 /* UpcomingMovieCell.swift */; };
		D9206B7C283E021D00340051 /* UpcomingMovieCell.xib in Resources */ = {isa = PBXBuildFile; fileRef = D9206B7A283E021D00340051 /* UpcomingMovieCell.xib */; };
		D9DDCC7F283DE395001E237B /* AppDelegate.swift in Sources */ = {isa = PBXBuildFile; fileRef = D9DDCC7E283DE395001E237B /* AppDelegate.swift */; };
		D9DDCC81283DE395001E237B /* SceneDelegate.swift in Sources */ = {isa = PBXBuildFile; fileRef = D9DDCC80283DE395001E237B /* SceneDelegate.swift */; };
		D9DDCC83283DE395001E237B /* ViewController.swift in Sources */ = {isa = PBXBuildFile; fileRef = D9DDCC82283DE395001E237B /* ViewController.swift */; };
		D9DDCC86283DE395001E237B /* Main.storyboard in Resources */ = {isa = PBXBuildFile; fileRef = D9DDCC84283DE395001E237B /* Main.storyboard */; };
		D9DDCC89283DE395001E237B /* CodeManagement.xcdatamodeld in Sources */ = {isa = PBXBuildFile; fileRef = D9DDCC87283DE395001E237B /* CodeManagement.xcdatamodeld */; };
		D9DDCC8B283DE397001E237B /* Assets.xcassets in Resources */ = {isa = PBXBuildFile; fileRef = D9DDCC8A283DE397001E237B /* Assets.xcassets */; };
		D9DDCC8E283DE397001E237B /* LaunchScreen.storyboard in Resources */ = {isa = PBXBuildFile; fileRef = D9DDCC8C283DE397001E237B /* LaunchScreen.storyboard */; };
/* End PBXBuildFile section */

/* Begin PBXFileReference section */
		532F1BD86326346B1403078F /* Pods-CodeManagement.release.xcconfig */ = {isa = PBXFileReference; includeInIndex = 1; lastKnownFileType = text.xcconfig; name = "Pods-CodeManagement.release.xcconfig"; path = "Target Support Files/Pods-CodeManagement/Pods-CodeManagement.release.xcconfig"; sourceTree = "<group>"; };
		B4011AD7D3D547DA3F94043E /* Pods-CodeManagement.debug.xcconfig */ = {isa = PBXFileReference; includeInIndex = 1; lastKnownFileType = text.xcconfig; name = "Pods-CodeManagement.debug.xcconfig"; path = "Target Support Files/Pods-CodeManagement/Pods-CodeManagement.debug.xcconfig"; sourceTree = "<group>"; };
		D9206B66283DEC6B00340051 /* ApiService.swift */ = {isa = PBXFileReference; lastKnownFileType = sourcecode.swift; path = ApiService.swift; sourceTree = "<group>"; };
		D9206B69283DED3C00340051 /* EndPoint.swift */ = {isa = PBXFileReference; lastKnownFileType = sourcecode.swift; path = EndPoint.swift; sourceTree = "<group>"; };
		D9206B6B283DEDAA00340051 /* Constants.swift */ = {isa = PBXFileReference; lastKnownFileType = sourcecode.swift; path = Constants.swift; sourceTree = "<group>"; };
		D9206B70283DF48F00340051 /* Movie.swift */ = {isa = PBXFileReference; lastKnownFileType = sourcecode.swift; path = Movie.swift; sourceTree = "<group>"; };
		D9206B72283DF5E800340051 /* Responses.swift */ = {isa = PBXFileReference; lastKnownFileType = sourcecode.swift; path = Responses.swift; sourceTree = "<group>"; };
		D9206B79283E021D00340051 /* UpcomingMovieCell.swift */ = {isa = PBXFileReference; lastKnownFileType = sourcecode.swift; path = UpcomingMovieCell.swift; sourceTree = "<group>"; };
		D9206B7A283E021D00340051 /* UpcomingMovieCell.xib */ = {isa = PBXFileReference; lastKnownFileType = file.xib; path = UpcomingMovieCell.xib; sourceTree = "<group>"; };
		D97AE2580B8311C719E85BEF /* Pods_CodeManagement.framework */ = {isa = PBXFileReference; explicitFileType = wrapper.framework; includeInIndex = 0; path = Pods_CodeManagement.framework; sourceTree = BUILT_PRODUCTS_DIR; };
		D9DDCC7B283DE394001E237B /* CodeManagement.app */ = {isa = PBXFileReference; explicitFileType = wrapper.application; includeInIndex = 0; path = CodeManagement.app; sourceTree = BUILT_PRODUCTS_DIR; };
		D9DDCC7E283DE395001E237B /* AppDelegate.swift */ = {isa = PBXFileReference; lastKnownFileType = sourcecode.swift; path = AppDelegate.swift; sourceTree = "<group>"; };
		D9DDCC80283DE395001E237B /* SceneDelegate.swift */ = {isa = PBXFileReference; lastKnownFileType = sourcecode.swift; path = SceneDelegate.swift; sourceTree = "<group>"; };
		D9DDCC82283DE395001E237B /* ViewController.swift */ = {isa = PBXFileReference; lastKnownFileType = sourcecode.swift; path = ViewController.swift; sourceTree = "<group>"; };
		D9DDCC85283DE395001E237B /* Base */ = {isa = PBXFileReference; lastKnownFileType = file.storyboard; name = Base; path = Base.lproj/Main.storyboard; sourceTree = "<group>"; };
		D9DDCC88283DE395001E237B /* CodeManagement.xcdatamodel */ = {isa = PBXFileReference; lastKnownFileType = wrapper.xcdatamodel; path = CodeManagement.xcdatamodel; sourceTree = "<group>"; };
		D9DDCC8A283DE397001E237B /* Assets.xcassets */ = {isa = PBXFileReference; lastKnownFileType = folder.assetcatalog; path = Assets.xcassets; sourceTree = "<group>"; };
		D9DDCC8D283DE397001E237B /* Base */ = {isa = PBXFileReference; lastKnownFileType = file.storyboard; name = Base; path = Base.lproj/LaunchScreen.storyboard; sourceTree = "<group>"; };
		D9DDCC8F283DE397001E237B /* Info.plist */ = {isa = PBXFileReference; lastKnownFileType = text.plist.xml; path = Info.plist; sourceTree = "<group>"; };
/* End PBXFileReference section */

/* Begin PBXFrameworksBuildPhase section */
		D9DDCC78283DE394001E237B /* Frameworks */ = {
			isa = PBXFrameworksBuildPhase;
			buildActionMask = 2147483647;
			files = (
				4EE00BB32CD95ACB65850BDD /* Pods_CodeManagement.framework in Frameworks */,
			);
			runOnlyForDeploymentPostprocessing = 0;
		};
/* End PBXFrameworksBuildPhase section */

/* Begin PBXGroup section */
		512643E178C26343DE85295E /* Frameworks */ = {
			isa = PBXGroup;
			children = (
				D97AE2580B8311C719E85BEF /* Pods_CodeManagement.framework */,
			);
			name = Frameworks;
			sourceTree = "<group>";
		};
		D9206B65283DEC5800340051 /* Services */ = {
			isa = PBXGroup;
			children = (
				D9206B66283DEC6B00340051 /* ApiService.swift */,
			);
			path = Services;
			sourceTree = "<group>";
		};
		D9206B68283DED1E00340051 /* Utilities */ = {
			isa = PBXGroup;
			children = (
				D9206B69283DED3C00340051 /* EndPoint.swift */,
				D9206B6B283DEDAA00340051 /* Constants.swift */,
			);
			path = Utilities;
			sourceTree = "<group>";
		};
		D9206B6F283DF48300340051 /* Models */ = {
			isa = PBXGroup;
			children = (
				D9206B70283DF48F00340051 /* Movie.swift */,
				D9206B72283DF5E800340051 /* Responses.swift */,
			);
			path = Models;
			sourceTree = "<group>";
		};
		D9206B74283E00D800340051 /* Custom Cells */ = {
			isa = PBXGroup;
			children = (
				D9206B79283E021D00340051 /* UpcomingMovieCell.swift */,
				D9206B7A283E021D00340051 /* UpcomingMovieCell.xib */,
			);
			path = "Custom Cells";
			sourceTree = "<group>";
		};
		D9DDCC72283DE394001E237B = {
			isa = PBXGroup;
			children = (
				D9DDCC7D283DE394001E237B /* CodeManagement */,
				D9DDCC7C283DE394001E237B /* Products */,
				EA6E5354D4B45F147E2EBED2 /* Pods */,
				512643E178C26343DE85295E /* Frameworks */,
			);
			sourceTree = "<group>";
		};
		D9DDCC7C283DE394001E237B /* Products */ = {
			isa = PBXGroup;
			children = (
				D9DDCC7B283DE394001E237B /* CodeManagement.app */,
			);
			name = Products;
			sourceTree = "<group>";
		};
		D9DDCC7D283DE394001E237B /* CodeManagement */ = {
			isa = PBXGroup;
			children = (
				D9206B74283E00D800340051 /* Custom Cells */,
				D9206B6F283DF48300340051 /* Models */,
				D9206B68283DED1E00340051 /* Utilities */,
				D9206B65283DEC5800340051 /* Services */,
				D9DDCC7E283DE395001E237B /* AppDelegate.swift */,
				D9DDCC80283DE395001E237B /* SceneDelegate.swift */,
				D9DDCC82283DE395001E237B /* ViewController.swift */,
				D9DDCC84283DE395001E237B /* Main.storyboard */,
				D9DDCC8A283DE397001E237B /* Assets.xcassets */,
				D9DDCC8C283DE397001E237B /* LaunchScreen.storyboard */,
				D9DDCC8F283DE397001E237B /* Info.plist */,
				D9DDCC87283DE395001E237B /* CodeManagement.xcdatamodeld */,
			);
			path = CodeManagement;
			sourceTree = "<group>";
		};
		EA6E5354D4B45F147E2EBED2 /* Pods */ = {
			isa = PBXGroup;
			children = (
				B4011AD7D3D547DA3F94043E /* Pods-CodeManagement.debug.xcconfig */,
				532F1BD86326346B1403078F /* Pods-CodeManagement.release.xcconfig */,
			);
			path = Pods;
			sourceTree = "<group>";
		};
/* End PBXGroup section */

/* Begin PBXNativeTarget section */
		D9DDCC7A283DE394001E237B /* CodeManagement */ = {
			isa = PBXNativeTarget;
			buildConfigurationList = D9DDCC92283DE397001E237B /* Build configuration list for PBXNativeTarget "CodeManagement" */;
			buildPhases = (
				E59F527564B05BA781F779E9 /* [CP] Check Pods Manifest.lock */,
				D9DDCC77283DE394001E237B /* Sources */,
				D9DDCC78283DE394001E237B /* Frameworks */,
				D9DDCC79283DE394001E237B /* Resources */,
				062AE4D169598CA346D6E0ED /* [CP] Embed Pods Frameworks */,
			);
			buildRules = (
			);
			dependencies = (
			);
			name = CodeManagement;
			productName = CodeManagement;
			productReference = D9DDCC7B283DE394001E237B /* CodeManagement.app */;
			productType = "com.apple.product-type.application";
		};
/* End PBXNativeTarget section */

/* Begin PBXProject section */
		D9DDCC73283DE394001E237B /* Project object */ = {
			isa = PBXProject;
			attributes = {
				BuildIndependentTargetsInParallel = 1;
				LastSwiftUpdateCheck = 1300;
				LastUpgradeCheck = 1300;
				TargetAttributes = {
					D9DDCC7A283DE394001E237B = {
						CreatedOnToolsVersion = 13.0;
					};
				};
			};
			buildConfigurationList = D9DDCC76283DE394001E237B /* Build configuration list for PBXProject "CodeManagement" */;
			compatibilityVersion = "Xcode 13.0";
			developmentRegion = en;
			hasScannedForEncodings = 0;
			knownRegions = (
				en,
				Base,
			);
			mainGroup = D9DDCC72283DE394001E237B;
			productRefGroup = D9DDCC7C283DE394001E237B /* Products */;
			projectDirPath = "";
			projectRoot = "";
			targets = (
				D9DDCC7A283DE394001E237B /* CodeManagement */,
			);
		};
/* End PBXProject section */

/* Begin PBXResourcesBuildPhase section */
		D9DDCC79283DE394001E237B /* Resources */ = {
			isa = PBXResourcesBuildPhase;
			buildActionMask = 2147483647;
			files = (
				D9206B7C283E021D00340051 /* UpcomingMovieCell.xib in Resources */,
				D9DDCC8E283DE397001E237B /* LaunchScreen.storyboard in Resources */,
				D9DDCC8B283DE397001E237B /* Assets.xcassets in Resources */,
				D9DDCC86283DE395001E237B /* Main.storyboard in Resources */,
			);
			runOnlyForDeploymentPostprocessing = 0;
		};
/* End PBXResourcesBuildPhase section */

/* Begin PBXShellScriptBuildPhase section */
		062AE4D169598CA346D6E0ED /* [CP] Embed Pods Frameworks */ = {
			isa = PBXShellScriptBuildPhase;
			buildActionMask = 2147483647;
			files = (
			);
			inputFileListPaths = (
				"${PODS_ROOT}/Target Support Files/Pods-CodeManagement/Pods-CodeManagement-frameworks-${CONFIGURATION}-input-files.xcfilelist",
			);
			name = "[CP] Embed Pods Frameworks";
			outputFileListPaths = (
				"${PODS_ROOT}/Target Support Files/Pods-CodeManagement/Pods-CodeManagement-frameworks-${CONFIGURATION}-output-files.xcfilelist",
			);
			runOnlyForDeploymentPostprocessing = 0;
			shellPath = /bin/sh;
			shellScript = "\"${PODS_ROOT}/Target Support Files/Pods-CodeManagement/Pods-CodeManagement-frameworks.sh\"\n";
			showEnvVarsInLog = 0;
		};
		E59F527564B05BA781F779E9 /* [CP] Check Pods Manifest.lock */ = {
			isa = PBXShellScriptBuildPhase;
			buildActionMask = 2147483647;
			files = (
			);
			inputFileListPaths = (
			);
			inputPaths = (
				"${PODS_PODFILE_DIR_PATH}/Podfile.lock",
				"${PODS_ROOT}/Manifest.lock",
			);
			name = "[CP] Check Pods Manifest.lock";
			outputFileListPaths = (
			);
			outputPaths = (
				"$(DERIVED_FILE_DIR)/Pods-CodeManagement-checkManifestLockResult.txt",
			);
			runOnlyForDeploymentPostprocessing = 0;
			shellPath = /bin/sh;
			shellScript = "diff \"${PODS_PODFILE_DIR_PATH}/Podfile.lock\" \"${PODS_ROOT}/Manifest.lock\" > /dev/null\nif [ $? != 0 ] ; then\n    # print error to STDERR\n    echo \"error: The sandbox is not in sync with the Podfile.lock. Run 'pod install' or update your CocoaPods installation.\" >&2\n    exit 1\nfi\n# This output is used by Xcode 'outputs' to avoid re-running this script phase.\necho \"SUCCESS\" > \"${SCRIPT_OUTPUT_FILE_0}\"\n";
			showEnvVarsInLog = 0;
		};
/* End PBXShellScriptBuildPhase section */

/* Begin PBXSourcesBuildPhase section */
		D9DDCC77283DE394001E237B /* Sources */ = {
			isa = PBXSourcesBuildPhase;
			buildActionMask = 2147483647;
			files = (
				D9206B73283DF5E800340051 /* Responses.swift in Sources */,
				D9206B6A283DED3C00340051 /* EndPoint.swift in Sources */,
				D9206B71283DF48F00340051 /* Movie.swift in Sources */,
				D9DDCC83283DE395001E237B /* ViewController.swift in Sources */,
				D9206B7B283E021D00340051 /* UpcomingMovieCell.swift in Sources */,
				D9206B67283DEC6B00340051 /* ApiService.swift in Sources */,
				D9DDCC7F283DE395001E237B /* AppDelegate.swift in Sources */,
				D9206B6C283DEDAA00340051 /* Constants.swift in Sources */,
				D9DDCC81283DE395001E237B /* SceneDelegate.swift in Sources */,
				D9DDCC89283DE395001E237B /* CodeManagement.xcdatamodeld in Sources */,
			);
			runOnlyForDeploymentPostprocessing = 0;
		};
/* End PBXSourcesBuildPhase section */

/* Begin PBXVariantGroup section */
		D9DDCC84283DE395001E237B /* Main.storyboard */ = {
			isa = PBXVariantGroup;
			children = (
				D9DDCC85283DE395001E237B /* Base */,
			);
			name = Main.storyboard;
			sourceTree = "<group>";
		};
		D9DDCC8C283DE397001E237B /* LaunchScreen.storyboard */ = {
			isa = PBXVariantGroup;
			children = (
				D9DDCC8D283DE397001E237B /* Base */,
			);
			name = LaunchScreen.storyboard;
			sourceTree = "<group>";
		};
/* End PBXVariantGroup section */

/* Begin XCBuildConfiguration section */
		D9DDCC90283DE397001E237B /* Debug */ = {
			isa = XCBuildConfiguration;
			buildSettings = {
				ALWAYS_SEARCH_USER_PATHS = NO;
				CLANG_ANALYZER_NONNULL = YES;
				CLANG_ANALYZER_NUMBER_OBJECT_CONVERSION = YES_AGGRESSIVE;
				CLANG_CXX_LANGUAGE_STANDARD = "gnu++17";
				CLANG_CXX_LIBRARY = "libc++";
				CLANG_ENABLE_MODULES = YES;
				CLANG_ENABLE_OBJC_ARC = YES;
				CLANG_ENABLE_OBJC_WEAK = YES;
				CLANG_WARN_BLOCK_CAPTURE_AUTORELEASING = YES;
				CLANG_WARN_BOOL_CONVERSION = YES;
				CLANG_WARN_COMMA = YES;
				CLANG_WARN_CONSTANT_CONVERSION = YES;
				CLANG_WARN_DEPRECATED_OBJC_IMPLEMENTATIONS = YES;
				CLANG_WARN_DIRECT_OBJC_ISA_USAGE = YES_ERROR;
				CLANG_WARN_DOCUMENTATION_COMMENTS = YES;
				CLANG_WARN_EMPTY_BODY = YES;
				CLANG_WARN_ENUM_CONVERSION = YES;
				CLANG_WARN_INFINITE_RECURSION = YES;
				CLANG_WARN_INT_CONVERSION = YES;
				CLANG_WARN_NON_LITERAL_NULL_CONVERSION = YES;
				CLANG_WARN_OBJC_IMPLICIT_RETAIN_SELF = YES;
				CLANG_WARN_OBJC_LITERAL_CONVERSION = YES;
				CLANG_WARN_OBJC_ROOT_CLASS = YES_ERROR;
				CLANG_WARN_QUOTED_INCLUDE_IN_FRAMEWORK_HEADER = YES;
				CLANG_WARN_RANGE_LOOP_ANALYSIS = YES;
				CLANG_WARN_STRICT_PROTOTYPES = YES;
				CLANG_WARN_SUSPICIOUS_MOVE = YES;
				CLANG_WARN_UNGUARDED_AVAILABILITY = YES_AGGRESSIVE;
				CLANG_WARN_UNREACHABLE_CODE = YES;
				CLANG_WARN__DUPLICATE_METHOD_MATCH = YES;
				COPY_PHASE_STRIP = NO;
				DEBUG_INFORMATION_FORMAT = dwarf;
				ENABLE_STRICT_OBJC_MSGSEND = YES;
				ENABLE_TESTABILITY = YES;
				GCC_C_LANGUAGE_STANDARD = gnu11;
				GCC_DYNAMIC_NO_PIC = NO;
				GCC_NO_COMMON_BLOCKS = YES;
				GCC_OPTIMIZATION_LEVEL = 0;
				GCC_PREPROCESSOR_DEFINITIONS = (
					"DEBUG=1",
					"$(inherited)",
				);
				GCC_WARN_64_TO_32_BIT_CONVERSION = YES;
				GCC_WARN_ABOUT_RETURN_TYPE = YES_ERROR;
				GCC_WARN_UNDECLARED_SELECTOR = YES;
				GCC_WARN_UNINITIALIZED_AUTOS = YES_AGGRESSIVE;
				GCC_WARN_UNUSED_FUNCTION = YES;
				GCC_WARN_UNUSED_VARIABLE = YES;
				IPHONEOS_DEPLOYMENT_TARGET = 15.0;
				MTL_ENABLE_DEBUG_INFO = INCLUDE_SOURCE;
				MTL_FAST_MATH = YES;
				ONLY_ACTIVE_ARCH = YES;
				SDKROOT = iphoneos;
				SWIFT_ACTIVE_COMPILATION_CONDITIONS = DEBUG;
				SWIFT_OPTIMIZATION_LEVEL = "-Onone";
			};
			name = Debug;
		};
		D9DDCC91283DE397001E237B /* Release */ = {
			isa = XCBuildConfiguration;
			buildSettings = {
				ALWAYS_SEARCH_USER_PATHS = NO;
				CLANG_ANALYZER_NONNULL = YES;
				CLANG_ANALYZER_NUMBER_OBJECT_CONVERSION = YES_AGGRESSIVE;
				CLANG_CXX_LANGUAGE_STANDARD = "gnu++17";
				CLANG_CXX_LIBRARY = "libc++";
				CLANG_ENABLE_MODULES = YES;
				CLANG_ENABLE_OBJC_ARC = YES;
				CLANG_ENABLE_OBJC_WEAK = YES;
				CLANG_WARN_BLOCK_CAPTURE_AUTORELEASING = YES;
				CLANG_WARN_BOOL_CONVERSION = YES;
				CLANG_WARN_COMMA = YES;
				CLANG_WARN_CONSTANT_CONVERSION = YES;
				CLANG_WARN_DEPRECATED_OBJC_IMPLEMENTATIONS = YES;
				CLANG_WARN_DIRECT_OBJC_ISA_USAGE = YES_ERROR;
				CLANG_WARN_DOCUMENTATION_COMMENTS = YES;
				CLANG_WARN_EMPTY_BODY = YES;
				CLANG_WARN_ENUM_CONVERSION = YES;
				CLANG_WARN_INFINITE_RECURSION = YES;
				CLANG_WARN_INT_CONVERSION = YES;
				CLANG_WARN_NON_LITERAL_NULL_CONVERSION = YES;
				CLANG_WARN_OBJC_IMPLICIT_RETAIN_SELF = YES;
				CLANG_WARN_OBJC_LITERAL_CONVERSION = YES;
				CLANG_WARN_OBJC_ROOT_CLASS = YES_ERROR;
				CLANG_WARN_QUOTED_INCLUDE_IN_FRAMEWORK_HEADER = YES;
				CLANG_WARN_RANGE_LOOP_ANALYSIS = YES;
				CLANG_WARN_STRICT_PROTOTYPES = YES;
				CLANG_WARN_SUSPICIOUS_MOVE = YES;
				CLANG_WARN_UNGUARDED_AVAILABILITY = YES_AGGRESSIVE;
				CLANG_WARN_UNREACHABLE_CODE = YES;
				CLANG_WARN__DUPLICATE_METHOD_MATCH = YES;
				COPY_PHASE_STRIP = NO;
				DEBUG_INFORMATION_FORMAT = "dwarf-with-dsym";
				ENABLE_NS_ASSERTIONS = NO;
				ENABLE_STRICT_OBJC_MSGSEND = YES;
				GCC_C_LANGUAGE_STANDARD = gnu11;
				GCC_NO_COMMON_BLOCKS = YES;
				GCC_WARN_64_TO_32_BIT_CONVERSION = YES;
				GCC_WARN_ABOUT_RETURN_TYPE = YES_ERROR;
				GCC_WARN_UNDECLARED_SELECTOR = YES;
				GCC_WARN_UNINITIALIZED_AUTOS = YES_AGGRESSIVE;
				GCC_WARN_UNUSED_FUNCTION = YES;
				GCC_WARN_UNUSED_VARIABLE = YES;
				IPHONEOS_DEPLOYMENT_TARGET = 15.0;
				MTL_ENABLE_DEBUG_INFO = NO;
				MTL_FAST_MATH = YES;
				SDKROOT = iphoneos;
				SWIFT_COMPILATION_MODE = wholemodule;
				SWIFT_OPTIMIZATION_LEVEL = "-O";
				VALIDATE_PRODUCT = YES;
			};
			name = Release;
		};
		D9DDCC93283DE397001E237B /* Debug */ = {
			isa = XCBuildConfiguration;
			baseConfigurationReference = B4011AD7D3D547DA3F94043E /* Pods-CodeManagement.debug.xcconfig */;
			buildSettings = {
				ASSETCATALOG_COMPILER_APPICON_NAME = AppIcon;
				ASSETCATALOG_COMPILER_GLOBAL_ACCENT_COLOR_NAME = AccentColor;
				CODE_SIGN_STYLE = Automatic;
				CURRENT_PROJECT_VERSION = 1;
				DEVELOPMENT_TEAM = M63UDXQC5B;
				GENERATE_INFOPLIST_FILE = YES;
				INFOPLIST_FILE = CodeManagement/Info.plist;
				INFOPLIST_KEY_UIApplicationSupportsIndirectInputEvents = YES;
				INFOPLIST_KEY_UILaunchStoryboardName = LaunchScreen;
				INFOPLIST_KEY_UIMainStoryboardFile = Main;
				INFOPLIST_KEY_UISupportedInterfaceOrientations_iPad = "UIInterfaceOrientationPortrait UIInterfaceOrientationPortraitUpsideDown UIInterfaceOrientationLandscapeLeft UIInterfaceOrientationLandscapeRight";
				INFOPLIST_KEY_UISupportedInterfaceOrientations_iPhone = "UIInterfaceOrientationPortrait UIInterfaceOrientationLandscapeLeft UIInterfaceOrientationLandscapeRight";
				IPHONEOS_DEPLOYMENT_TARGET = 13.0;
				LD_RUNPATH_SEARCH_PATHS = (
					"$(inherited)",
					"@executable_path/Frameworks",
				);
				MARKETING_VERSION = 1.0;
				PRODUCT_BUNDLE_IDENTIFIER = com.myanmy.CodeManagement;
				PRODUCT_NAME = "$(TARGET_NAME)";
				SWIFT_EMIT_LOC_STRINGS = YES;
				SWIFT_VERSION = 5.0;
				TARGETED_DEVICE_FAMILY = 1;
			};
			name = Debug;
		};
		D9DDCC94283DE397001E237B /* Release */ = {
			isa = XCBuildConfiguration;
			baseConfigurationReference = 532F1BD86326346B1403078F /* Pods-CodeManagement.release.xcconfig */;
			buildSettings = {
				ASSETCATALOG_COMPILER_APPICON_NAME = AppIcon;
				ASSETCATALOG_COMPILER_GLOBAL_ACCENT_COLOR_NAME = AccentColor;
				CODE_SIGN_STYLE = Automatic;
				CURRENT_PROJECT_VERSION = 1;
				DEVELOPMENT_TEAM = M63UDXQC5B;
				GENERATE_INFOPLIST_FILE = YES;
				INFOPLIST_FILE = CodeManagement/Info.plist;
				INFOPLIST_KEY_UIApplicationSupportsIndirectInputEvents = YES;
				INFOPLIST_KEY_UILaunchStoryboardName = LaunchScreen;
				INFOPLIST_KEY_UIMainStoryboardFile = Main;
				INFOPLIST_KEY_UISupportedInterfaceOrientations_iPad = "UIInterfaceOrientationPortrait UIInterfaceOrientationPortraitUpsideDown UIInterfaceOrientationLandscapeLeft UIInterfaceOrientationLandscapeRight";
				INFOPLIST_KEY_UISupportedInterfaceOrientations_iPhone = "UIInterfaceOrientationPortrait UIInterfaceOrientationLandscapeLeft UIInterfaceOrientationLandscapeRight";
				IPHONEOS_DEPLOYMENT_TARGET = 13.0;
				LD_RUNPATH_SEARCH_PATHS = (
					"$(inherited)",
					"@executable_path/Frameworks",
				);
				MARKETING_VERSION = 1.0;
				PRODUCT_BUNDLE_IDENTIFIER = com.myanmy.CodeManagement;
				PRODUCT_NAME = "$(TARGET_NAME)";
				SWIFT_EMIT_LOC_STRINGS = YES;
				SWIFT_VERSION = 5.0;
				TARGETED_DEVICE_FAMILY = 1;
			};
			name = Release;
		};
/* End XCBuildConfiguration section */

/* Begin XCConfigurationList section */
		D9DDCC76283DE394001E237B /* Build configuration list for PBXProject "CodeManagement" */ = {
			isa = XCConfigurationList;
			buildConfigurations = (
				D9DDCC90283DE397001E237B /* Debug */,
				D9DDCC91283DE397001E237B /* Release */,
			);
			defaultConfigurationIsVisible = 0;
			defaultConfigurationName = Release;
		};
		D9DDCC92283DE397001E237B /* Build configuration list for PBXNativeTarget "CodeManagement" */ = {
			isa = XCConfigurationList;
			buildConfigurations = (
				D9DDCC93283DE397001E237B /* Debug */,
				D9DDCC94283DE397001E237B /* Release */,
			);
			defaultConfigurationIsVisible = 0;
			defaultConfigurationName = Release;
		};
/* End XCConfigurationList section */

/* Begin XCVersionGroup section */
		D9DDCC87283DE395001E237B /* CodeManagement.xcdatamodeld */ = {
			isa = XCVersionGroup;
			children = (
				D9DDCC88283DE395001E237B /* CodeManagement.xcdatamodel */,
			);
			currentVersion = D9DDCC88283DE395001E237B /* CodeManagement.xcdatamodel */;
			path = CodeManagement.xcdatamodeld;
			sourceTree = "<group>";
			versionGroupType = wrapper.xcdatamodel;
		};
/* End XCVersionGroup section */
	};
	rootObject = D9DDCC73283DE394001E237B /* Project object */;
}
